{
  "name": "yt-training-logger",
  "lockfileVersion": 3,
  "requires": true,
  "packages": {
    "": {
      "dependencies": {
        "dexie": "^4.4.1"
      }
    },
    "node_modules/dexie": {
      "version": "4.4.1",
      "resolved": "https://registry.npmjs.org/dexie/-/dexie-4.4.1.tgz",
      "integrity": "sha512-4Xec5+yrS+TgyFAnMrneFOt/QG8sD3FxlkUVpfypui3SriRN80UN0SZBWmkNAY7ulfKgk0ilvv7M6pBURprdgA==",
      "license": "Apache-2.0"
    }
  }
}
